// !$*UTF8*$!
{
	archiveVersion = 1;
	classes = {
	};
	objectVersion = 56;
	objects = {

/* Begin PBXBuildFile section */
		93080F712A2DA5C00074978C /* LocationManager.swift in Sources */ = {isa = PBXBuildFile; fileRef = 93080F702A2DA5C00074978C /* LocationManager.swift */; };
		93A8B91F2A2DBE1E007593C0 /* DateAndTimePickerView.swift in Sources */ = {isa = PBXBuildFile; fileRef = 93A8B91E2A2DBE1E007593C0 /* DateAndTimePickerView.swift */; };
		93A8B9212A2DC937007593C0 /* practice.swift in Sources */ = {isa = PBXBuildFile; fileRef = 93A8B9202A2DC937007593C0 /* practice.swift */; };
		93A91CC22A38420400773E80 /* CalendarView.swift in Sources */ = {isa = PBXBuildFile; fileRef = 93A91CC12A38420400773E80 /* CalendarView.swift */; };
		93A91CC42A389CBC00773E80 /* SecondaryEventCard.swift in Sources */ = {isa = PBXBuildFile; fileRef = 93A91CC32A389CBC00773E80 /* SecondaryEventCard.swift */; };
		93A965C22A334CF0005B14BA /* MapViewCoordinator.swift in Sources */ = {isa = PBXBuildFile; fileRef = 93A965C12A334CF0005B14BA /* MapViewCoordinator.swift */; };
		93A965C42A3350CB005B14BA /* DirectionsView.swift in Sources */ = {isa = PBXBuildFile; fileRef = 93A965C32A3350CB005B14BA /* DirectionsView.swift */; };
		93AC56472A39A88E00B7DCD8 /* CheckBox.swift in Sources */ = {isa = PBXBuildFile; fileRef = 93AC56462A39A88E00B7DCD8 /* CheckBox.swift */; };
		93AC81AF2A2AFEEC00A43131 /* CreateProfileView.swift in Sources */ = {isa = PBXBuildFile; fileRef = 93AC81AE2A2AFEEC00A43131 /* CreateProfileView.swift */; };
		93AC81B12A2B47AA00A43131 /* AddNewEventView.swift in Sources */ = {isa = PBXBuildFile; fileRef = 93AC81B02A2B47AA00A43131 /* AddNewEventView.swift */; };
		93AC81B32A2B487C00A43131 /* DateAndTimeView.swift in Sources */ = {isa = PBXBuildFile; fileRef = 93AC81B22A2B487C00A43131 /* DateAndTimeView.swift */; };
		93AC81B72A2B64E300A43131 /* SearchLocationView.swift in Sources */ = {isa = PBXBuildFile; fileRef = 93AC81B62A2B64E300A43131 /* SearchLocationView.swift */; };
		93AC9B972A27184700E3A61A /* MainTabView.swift in Sources */ = {isa = PBXBuildFile; fileRef = 93AC9B962A27184700E3A61A /* MainTabView.swift */; };
		93AC9B992A271E3900E3A61A /* ExploreView.swift in Sources */ = {isa = PBXBuildFile; fileRef = 93AC9B982A271E3900E3A61A /* ExploreView.swift */; };
		93AC9B9D2A271E5C00E3A61A /* NewEventView.swift in Sources */ = {isa = PBXBuildFile; fileRef = 93AC9B9C2A271E5C00E3A61A /* NewEventView.swift */; };
		93AC9B9F2A271E7100E3A61A /* MyEventsView.swift in Sources */ = {isa = PBXBuildFile; fileRef = 93AC9B9E2A271E7100E3A61A /* MyEventsView.swift */; };
		93AC9BA12A271E7D00E3A61A /* ProfileView.swift in Sources */ = {isa = PBXBuildFile; fileRef = 93AC9BA02A271E7D00E3A61A /* ProfileView.swift */; };
		93AC9BA32A273F7600E3A61A /* MainTabViewModel.swift in Sources */ = {isa = PBXBuildFile; fileRef = 93AC9BA22A273F7600E3A61A /* MainTabViewModel.swift */; };
		93AC9BA52A27648500E3A61A /* LoadingView.swift in Sources */ = {isa = PBXBuildFile; fileRef = 93AC9BA42A27648500E3A61A /* LoadingView.swift */; };
		93AC9BA82A27784E00E3A61A /* ForgotPasswordView.swift in Sources */ = {isa = PBXBuildFile; fileRef = 93AC9BA72A27784E00E3A61A /* ForgotPasswordView.swift */; };
		93ACA6312A37295C00D6ACFC /* FilterView.swift in Sources */ = {isa = PBXBuildFile; fileRef = 93ACA6302A37295C00D6ACFC /* FilterView.swift */; };
		93ACA6332A3745BF00D6ACFC /* Extensions.swift in Sources */ = {isa = PBXBuildFile; fileRef = 93ACA6322A3745BF00D6ACFC /* Extensions.swift */; };
		93ACA6352A374FAB00D6ACFC /* Filter.swift in Sources */ = {isa = PBXBuildFile; fileRef = 93ACA6342A374FAB00D6ACFC /* Filter.swift */; };
		93ACA6C62A3B40C9000CDA22 /* FavouriteEvents.swift in Sources */ = {isa = PBXBuildFile; fileRef = 93ACA6C52A3B40C9000CDA22 /* FavouriteEvents.swift */; };
		93ACA6C82A3B40D7000CDA22 /* JoinedEvents.swift in Sources */ = {isa = PBXBuildFile; fileRef = 93ACA6C72A3B40D7000CDA22 /* JoinedEvents.swift */; };
		93ACA6CA2A3B40E6000CDA22 /* CreatedEvents.swift in Sources */ = {isa = PBXBuildFile; fileRef = 93ACA6C92A3B40E6000CDA22 /* CreatedEvents.swift */; };
		93ADE6B32A401B1D00223E8D /* Experiment.swift in Sources */ = {isa = PBXBuildFile; fileRef = 93ADE6B22A401B1D00223E8D /* Experiment.swift */; };
		93ADE6B52A40273900223E8D /* TextFieldPickerAsInput.swift in Sources */ = {isa = PBXBuildFile; fileRef = 93ADE6B42A40273800223E8D /* TextFieldPickerAsInput.swift */; };
		93ADE6B72A4083B100223E8D /* CalendarHelper.swift in Sources */ = {isa = PBXBuildFile; fileRef = 93ADE6B62A4083B100223E8D /* CalendarHelper.swift */; };
		93AE786E2A39934D00042CF6 /* SplashScreenView.swift in Sources */ = {isa = PBXBuildFile; fileRef = 93AE786D2A39934D00042CF6 /* SplashScreenView.swift */; };
		93AE82692A49B7FA00E1B264 /* DatePickerTextField.swift in Sources */ = {isa = PBXBuildFile; fileRef = 93AE82682A49B7FA00E1B264 /* DatePickerTextField.swift */; };
		93B19F182A39C1F400CDE3EB /* DetailedEvent.swift in Sources */ = {isa = PBXBuildFile; fileRef = 93B19F172A39C1F400CDE3EB /* DetailedEvent.swift */; };
		93B35F8A2A285D2A006C7CA7 /* ForgotPasswordViewModel.swift in Sources */ = {isa = PBXBuildFile; fileRef = 93B35F892A285D2A006C7CA7 /* ForgotPasswordViewModel.swift */; };
		93B35F8C2A286B04006C7CA7 /* OtpView.swift in Sources */ = {isa = PBXBuildFile; fileRef = 93B35F8B2A286B04006C7CA7 /* OtpView.swift */; };
		93B35F8E2A286B16006C7CA7 /* ResetPasswordView.swift in Sources */ = {isa = PBXBuildFile; fileRef = 93B35F8D2A286B16006C7CA7 /* ResetPasswordView.swift */; };
		93B35F902A28781C006C7CA7 /* EditUserProfileView.swift in Sources */ = {isa = PBXBuildFile; fileRef = 93B35F8F2A28781C006C7CA7 /* EditUserProfileView.swift */; };
		93B472CD2A3198DF0042C628 /* Formatting.swift in Sources */ = {isa = PBXBuildFile; fileRef = 93B472CC2A3198DF0042C628 /* Formatting.swift */; };
		93B472D12A31ED5C0042C628 /* EventDetailsView.swift in Sources */ = {isa = PBXBuildFile; fileRef = 93B472D02A31ED5C0042C628 /* EventDetailsView.swift */; };
		93B98E992A4AD555003DD9CB /* PlaceholderView.swift in Sources */ = {isa = PBXBuildFile; fileRef = 93B98E982A4AD555003DD9CB /* PlaceholderView.swift */; };
		93B98E9B2A4ADAB9003DD9CB /* MapView.swift in Sources */ = {isa = PBXBuildFile; fileRef = 93B98E9A2A4ADAB9003DD9CB /* MapView.swift */; };
		93B98E9D2A4ADD7D003DD9CB /* DatePickerTextFieldView.swift in Sources */ = {isa = PBXBuildFile; fileRef = 93B98E9C2A4ADD7D003DD9CB /* DatePickerTextFieldView.swift */; };
		93B98E9F2A4AE3AD003DD9CB /* AsyncImageView.swift in Sources */ = {isa = PBXBuildFile; fileRef = 93B98E9E2A4AE3AD003DD9CB /* AsyncImageView.swift */; };
		93B98EA12A4AE3BA003DD9CB /* AsyncImageCircularView.swift in Sources */ = {isa = PBXBuildFile; fileRef = 93B98EA02A4AE3BA003DD9CB /* AsyncImageCircularView.swift */; };
		93B98EA32A4AE3C5003DD9CB /* AsyncImageProfileView.swift in Sources */ = {isa = PBXBuildFile; fileRef = 93B98EA22A4AE3C5003DD9CB /* AsyncImageProfileView.swift */; };
		93B98EA52A4AE5C6003DD9CB /* Hashtags.swift in Sources */ = {isa = PBXBuildFile; fileRef = 93B98EA42A4AE5C6003DD9CB /* Hashtags.swift */; };
		93B98EA82A4AEDA1003DD9CB /* NavLink.swift in Sources */ = {isa = PBXBuildFile; fileRef = 93B98EA72A4AEDA1003DD9CB /* NavLink.swift */; };
		93B98EAA2A4AEFD4003DD9CB /* ProfileFieldsView.swift in Sources */ = {isa = PBXBuildFile; fileRef = 93B98EA92A4AEFD4003DD9CB /* ProfileFieldsView.swift */; };
		93B98EAC2A4AF1EC003DD9CB /* UpperEventDetailsView.swift in Sources */ = {isa = PBXBuildFile; fileRef = 93B98EAB2A4AF1EC003DD9CB /* UpperEventDetailsView.swift */; };
		93B98EAE2A4AF313003DD9CB /* EventBarView.swift in Sources */ = {isa = PBXBuildFile; fileRef = 93B98EAD2A4AF313003DD9CB /* EventBarView.swift */; };
		93B98EB02A4B123F003DD9CB /* NetworkHelper.swift in Sources */ = {isa = PBXBuildFile; fileRef = 93B98EAF2A4B123F003DD9CB /* NetworkHelper.swift */; };
		93EC5B382A2490B00065A286 /* EventPlannerApp.swift in Sources */ = {isa = PBXBuildFile; fileRef = 93EC5B372A2490B00065A286 /* EventPlannerApp.swift */; };
		93EC5B3C2A2490B30065A286 /* Assets.xcassets in Resources */ = {isa = PBXBuildFile; fileRef = 93EC5B3B2A2490B30065A286 /* Assets.xcassets */; };
		93EC5B3F2A2490B30065A286 /* Preview Assets.xcassets in Resources */ = {isa = PBXBuildFile; fileRef = 93EC5B3E2A2490B30065A286 /* Preview Assets.xcassets */; };
		93EC5B492A249E330065A286 /* LoginSignupView.swift in Sources */ = {isa = PBXBuildFile; fileRef = 93EC5B482A249E330065A286 /* LoginSignupView.swift */; };
		93EC5B4E2A249EB80065A286 /* Constants.swift in Sources */ = {isa = PBXBuildFile; fileRef = 93EC5B4D2A249EB80065A286 /* Constants.swift */; };
		93EC5B512A24A0500065A286 /* LoginViewModel.swift in Sources */ = {isa = PBXBuildFile; fileRef = 93EC5B502A24A0500065A286 /* LoginViewModel.swift */; };
		93EC5B532A24A09F0065A286 /* Validations.swift in Sources */ = {isa = PBXBuildFile; fileRef = 93EC5B522A24A09F0065A286 /* Validations.swift */; };
		93EC5B552A24A1590065A286 /* TextFieldView.swift in Sources */ = {isa = PBXBuildFile; fileRef = 93EC5B542A24A1590065A286 /* TextFieldView.swift */; };
		93EC5B572A24A1640065A286 /* SecureTextFieldView.swift in Sources */ = {isa = PBXBuildFile; fileRef = 93EC5B562A24A1640065A286 /* SecureTextFieldView.swift */; };
		93EC5B652A24B91E0065A286 /* NetworkManager.swift in Sources */ = {isa = PBXBuildFile; fileRef = 93EC5B642A24B91E0065A286 /* NetworkManager.swift */; };
		93EC5B682A24B9E90065A286 /* UserCredentials.swift in Sources */ = {isa = PBXBuildFile; fileRef = 93EC5B672A24B9E90065A286 /* UserCredentials.swift */; };
		93ECDDAA2A3C331300BE3279 /* CalendarEventsList.swift in Sources */ = {isa = PBXBuildFile; fileRef = 93ECDDA92A3C331300BE3279 /* CalendarEventsList.swift */; };
		93ED89BA2A3083C100856AA2 /* Event.swift in Sources */ = {isa = PBXBuildFile; fileRef = 93ED89B92A3083C100856AA2 /* Event.swift */; };
		93ED89BC2A309D3C00856AA2 /* Enumerations.swift in Sources */ = {isa = PBXBuildFile; fileRef = 93ED89BB2A309D3C00856AA2 /* Enumerations.swift */; };
		93ED89BE2A30A28400856AA2 /* ViewIdClass.swift in Sources */ = {isa = PBXBuildFile; fileRef = 93ED89BD2A30A28400856AA2 /* ViewIdClass.swift */; };
		93EE9A6C2A2EF28B00478DAA /* EventCard.swift in Sources */ = {isa = PBXBuildFile; fileRef = 93EE9A6B2A2EF28B00478DAA /* EventCard.swift */; };
		93EE9A6E2A2F4C9000478DAA /* MapSelectionView.swift in Sources */ = {isa = PBXBuildFile; fileRef = 93EE9A6D2A2F4C9000478DAA /* MapSelectionView.swift */; };
		93F0A61E2A29CC1600B10B71 /* Response.swift in Sources */ = {isa = PBXBuildFile; fileRef = 93F0A61D2A29CC1600B10B71 /* Response.swift */; };
		93F0A6202A29CC2700B10B71 /* SignoutResponse.swift in Sources */ = {isa = PBXBuildFile; fileRef = 93F0A61F2A29CC2700B10B71 /* SignoutResponse.swift */; };
		93F0A6222A2A12B600B10B71 /* UserProfile.swift in Sources */ = {isa = PBXBuildFile; fileRef = 93F0A6212A2A12B600B10B71 /* UserProfile.swift */; };
		93F0A6242A2A2A8D00B10B71 /* ImagePicker.swift in Sources */ = {isa = PBXBuildFile; fileRef = 93F0A6232A2A2A8D00B10B71 /* ImagePicker.swift */; };
		93FB96CB2A42FBBB002F79C5 /* NewEvent.swift in Sources */ = {isa = PBXBuildFile; fileRef = 93FB96CA2A42FBBB002F79C5 /* NewEvent.swift */; };
/* End PBXBuildFile section */

/* Begin PBXFileReference section */
		93080F702A2DA5C00074978C /* LocationManager.swift */ = {isa = PBXFileReference; lastKnownFileType = sourcecode.swift; path = LocationManager.swift; sourceTree = "<group>"; };
		93A8B91E2A2DBE1E007593C0 /* DateAndTimePickerView.swift */ = {isa = PBXFileReference; lastKnownFileType = sourcecode.swift; path = DateAndTimePickerView.swift; sourceTree = "<group>"; };
		93A8B9202A2DC937007593C0 /* practice.swift */ = {isa = PBXFileReference; lastKnownFileType = sourcecode.swift; path = practice.swift; sourceTree = "<group>"; };
		93A91CC12A38420400773E80 /* CalendarView.swift */ = {isa = PBXFileReference; lastKnownFileType = sourcecode.swift; path = CalendarView.swift; sourceTree = "<group>"; };
		93A91CC32A389CBC00773E80 /* SecondaryEventCard.swift */ = {isa = PBXFileReference; lastKnownFileType = sourcecode.swift; path = SecondaryEventCard.swift; sourceTree = "<group>"; };
		93A965C12A334CF0005B14BA /* MapViewCoordinator.swift */ = {isa = PBXFileReference; lastKnownFileType = sourcecode.swift; path = MapViewCoordinator.swift; sourceTree = "<group>"; };
		93A965C32A3350CB005B14BA /* DirectionsView.swift */ = {isa = PBXFileReference; lastKnownFileType = sourcecode.swift; path = DirectionsView.swift; sourceTree = "<group>"; };
		93AC56462A39A88E00B7DCD8 /* CheckBox.swift */ = {isa = PBXFileReference; lastKnownFileType = sourcecode.swift; path = CheckBox.swift; sourceTree = "<group>"; };
		93AC81AE2A2AFEEC00A43131 /* CreateProfileView.swift */ = {isa = PBXFileReference; lastKnownFileType = sourcecode.swift; path = CreateProfileView.swift; sourceTree = "<group>"; };
		93AC81B02A2B47AA00A43131 /* AddNewEventView.swift */ = {isa = PBXFileReference; lastKnownFileType = sourcecode.swift; path = AddNewEventView.swift; sourceTree = "<group>"; };
		93AC81B22A2B487C00A43131 /* DateAndTimeView.swift */ = {isa = PBXFileReference; lastKnownFileType = sourcecode.swift; path = DateAndTimeView.swift; sourceTree = "<group>"; };
		93AC81B62A2B64E300A43131 /* SearchLocationView.swift */ = {isa = PBXFileReference; lastKnownFileType = sourcecode.swift; path = SearchLocationView.swift; sourceTree = "<group>"; };
		93AC9B962A27184700E3A61A /* MainTabView.swift */ = {isa = PBXFileReference; lastKnownFileType = sourcecode.swift; path = MainTabView.swift; sourceTree = "<group>"; };
		93AC9B982A271E3900E3A61A /* ExploreView.swift */ = {isa = PBXFileReference; lastKnownFileType = sourcecode.swift; path = ExploreView.swift; sourceTree = "<group>"; };
		93AC9B9C2A271E5C00E3A61A /* NewEventView.swift */ = {isa = PBXFileReference; lastKnownFileType = sourcecode.swift; path = NewEventView.swift; sourceTree = "<group>"; };
		93AC9B9E2A271E7100E3A61A /* MyEventsView.swift */ = {isa = PBXFileReference; lastKnownFileType = sourcecode.swift; path = MyEventsView.swift; sourceTree = "<group>"; };
		93AC9BA02A271E7D00E3A61A /* ProfileView.swift */ = {isa = PBXFileReference; lastKnownFileType = sourcecode.swift; path = ProfileView.swift; sourceTree = "<group>"; };
		93AC9BA22A273F7600E3A61A /* MainTabViewModel.swift */ = {isa = PBXFileReference; lastKnownFileType = sourcecode.swift; path = MainTabViewModel.swift; sourceTree = "<group>"; };
		93AC9BA42A27648500E3A61A /* LoadingView.swift */ = {isa = PBXFileReference; lastKnownFileType = sourcecode.swift; path = LoadingView.swift; sourceTree = "<group>"; };
		93AC9BA72A27784E00E3A61A /* ForgotPasswordView.swift */ = {isa = PBXFileReference; lastKnownFileType = sourcecode.swift; path = ForgotPasswordView.swift; sourceTree = "<group>"; };
		93ACA6302A37295C00D6ACFC /* FilterView.swift */ = {isa = PBXFileReference; lastKnownFileType = sourcecode.swift; path = FilterView.swift; sourceTree = "<group>"; };
		93ACA6322A3745BF00D6ACFC /* Extensions.swift */ = {isa = PBXFileReference; lastKnownFileType = sourcecode.swift; path = Extensions.swift; sourceTree = "<group>"; };
		93ACA6342A374FAB00D6ACFC /* Filter.swift */ = {isa = PBXFileReference; lastKnownFileType = sourcecode.swift; path = Filter.swift; sourceTree = "<group>"; };
		93ACA6C52A3B40C9000CDA22 /* FavouriteEvents.swift */ = {isa = PBXFileReference; lastKnownFileType = sourcecode.swift; path = FavouriteEvents.swift; sourceTree = "<group>"; };
		93ACA6C72A3B40D7000CDA22 /* JoinedEvents.swift */ = {isa = PBXFileReference; lastKnownFileType = sourcecode.swift; path = JoinedEvents.swift; sourceTree = "<group>"; };
		93ACA6C92A3B40E6000CDA22 /* CreatedEvents.swift */ = {isa = PBXFileReference; lastKnownFileType = sourcecode.swift; path = CreatedEvents.swift; sourceTree = "<group>"; };
		93ADE6B22A401B1D00223E8D /* Experiment.swift */ = {isa = PBXFileReference; lastKnownFileType = sourcecode.swift; path = Experiment.swift; sourceTree = "<group>"; };
		93ADE6B42A40273800223E8D /* TextFieldPickerAsInput.swift */ = {isa = PBXFileReference; lastKnownFileType = sourcecode.swift; path = TextFieldPickerAsInput.swift; sourceTree = "<group>"; };
		93ADE6B62A4083B100223E8D /* CalendarHelper.swift */ = {isa = PBXFileReference; lastKnownFileType = sourcecode.swift; path = CalendarHelper.swift; sourceTree = "<group>"; };
		93AE786D2A39934D00042CF6 /* SplashScreenView.swift */ = {isa = PBXFileReference; lastKnownFileType = sourcecode.swift; path = SplashScreenView.swift; sourceTree = "<group>"; };
		93AE82682A49B7FA00E1B264 /* DatePickerTextField.swift */ = {isa = PBXFileReference; lastKnownFileType = sourcecode.swift; path = DatePickerTextField.swift; sourceTree = "<group>"; };
		93B19F172A39C1F400CDE3EB /* DetailedEvent.swift */ = {isa = PBXFileReference; lastKnownFileType = sourcecode.swift; path = DetailedEvent.swift; sourceTree = "<group>"; };
		93B35F892A285D2A006C7CA7 /* ForgotPasswordViewModel.swift */ = {isa = PBXFileReference; lastKnownFileType = sourcecode.swift; path = ForgotPasswordViewModel.swift; sourceTree = "<group>"; };
		93B35F8B2A286B04006C7CA7 /* OtpView.swift */ = {isa = PBXFileReference; lastKnownFileType = sourcecode.swift; path = OtpView.swift; sourceTree = "<group>"; };
		93B35F8D2A286B16006C7CA7 /* ResetPasswordView.swift */ = {isa = PBXFileReference; lastKnownFileType = sourcecode.swift; path = ResetPasswordView.swift; sourceTree = "<group>"; };
		93B35F8F2A28781C006C7CA7 /* EditUserProfileView.swift */ = {isa = PBXFileReference; lastKnownFileType = sourcecode.swift; path = EditUserProfileView.swift; sourceTree = "<group>"; };
		93B472CC2A3198DF0042C628 /* Formatting.swift */ = {isa = PBXFileReference; lastKnownFileType = sourcecode.swift; path = Formatting.swift; sourceTree = "<group>"; };
		93B472D02A31ED5C0042C628 /* EventDetailsView.swift */ = {isa = PBXFileReference; lastKnownFileType = sourcecode.swift; path = EventDetailsView.swift; sourceTree = "<group>"; };
		93B98E982A4AD555003DD9CB /* PlaceholderView.swift */ = {isa = PBXFileReference; lastKnownFileType = sourcecode.swift; path = PlaceholderView.swift; sourceTree = "<group>"; };
		93B98E9A2A4ADAB9003DD9CB /* MapView.swift */ = {isa = PBXFileReference; lastKnownFileType = sourcecode.swift; path = MapView.swift; sourceTree = "<group>"; };
		93B98E9C2A4ADD7D003DD9CB /* DatePickerTextFieldView.swift */ = {isa = PBXFileReference; lastKnownFileType = sourcecode.swift; path = DatePickerTextFieldView.swift; sourceTree = "<group>"; };
		93B98E9E2A4AE3AD003DD9CB /* AsyncImageView.swift */ = {isa = PBXFileReference; lastKnownFileType = sourcecode.swift; path = AsyncImageView.swift; sourceTree = "<group>"; };
		93B98EA02A4AE3BA003DD9CB /* AsyncImageCircularView.swift */ = {isa = PBXFileReference; lastKnownFileType = sourcecode.swift; path = AsyncImageCircularView.swift; sourceTree = "<group>"; };
		93B98EA22A4AE3C5003DD9CB /* AsyncImageProfileView.swift */ = {isa = PBXFileReference; lastKnownFileType = sourcecode.swift; path = AsyncImageProfileView.swift; sourceTree = "<group>"; };
		93B98EA42A4AE5C6003DD9CB /* Hashtags.swift */ = {isa = PBXFileReference; lastKnownFileType = sourcecode.swift; path = Hashtags.swift; sourceTree = "<group>"; };
		93B98EA72A4AEDA1003DD9CB /* NavLink.swift */ = {isa = PBXFileReference; lastKnownFileType = sourcecode.swift; path = NavLink.swift; sourceTree = "<group>"; };
		93B98EA92A4AEFD4003DD9CB /* ProfileFieldsView.swift */ = {isa = PBXFileReference; lastKnownFileType = sourcecode.swift; path = ProfileFieldsView.swift; sourceTree = "<group>"; };
		93B98EAB2A4AF1EC003DD9CB /* UpperEventDetailsView.swift */ = {isa = PBXFileReference; lastKnownFileType = sourcecode.swift; path = UpperEventDetailsView.swift; sourceTree = "<group>"; };
		93B98EAD2A4AF313003DD9CB /* EventBarView.swift */ = {isa = PBXFileReference; lastKnownFileType = sourcecode.swift; path = EventBarView.swift; sourceTree = "<group>"; };
		93B98EAF2A4B123F003DD9CB /* NetworkHelper.swift */ = {isa = PBXFileReference; lastKnownFileType = sourcecode.swift; path = NetworkHelper.swift; sourceTree = "<group>"; };
		93EC5B342A2490B00065A286 /* EventPlanner.app */ = {isa = PBXFileReference; explicitFileType = wrapper.application; includeInIndex = 0; path = EventPlanner.app; sourceTree = BUILT_PRODUCTS_DIR; };
		93EC5B372A2490B00065A286 /* EventPlannerApp.swift */ = {isa = PBXFileReference; lastKnownFileType = sourcecode.swift; path = EventPlannerApp.swift; sourceTree = "<group>"; };
		93EC5B3B2A2490B30065A286 /* Assets.xcassets */ = {isa = PBXFileReference; lastKnownFileType = folder.assetcatalog; path = Assets.xcassets; sourceTree = "<group>"; };
		93EC5B3E2A2490B30065A286 /* Preview Assets.xcassets */ = {isa = PBXFileReference; lastKnownFileType = folder.assetcatalog; path = "Preview Assets.xcassets"; sourceTree = "<group>"; };
		93EC5B482A249E330065A286 /* LoginSignupView.swift */ = {isa = PBXFileReference; lastKnownFileType = sourcecode.swift; path = LoginSignupView.swift; sourceTree = "<group>"; };
		93EC5B4D2A249EB80065A286 /* Constants.swift */ = {isa = PBXFileReference; lastKnownFileType = sourcecode.swift; path = Constants.swift; sourceTree = "<group>"; };
		93EC5B502A24A0500065A286 /* LoginViewModel.swift */ = {isa = PBXFileReference; lastKnownFileType = sourcecode.swift; path = LoginViewModel.swift; sourceTree = "<group>"; };
		93EC5B522A24A09F0065A286 /* Validations.swift */ = {isa = PBXFileReference; lastKnownFileType = sourcecode.swift; path = Validations.swift; sourceTree = "<group>"; };
		93EC5B542A24A1590065A286 /* TextFieldView.swift */ = {isa = PBXFileReference; lastKnownFileType = sourcecode.swift; path = TextFieldView.swift; sourceTree = "<group>"; };
		93EC5B562A24A1640065A286 /* SecureTextFieldView.swift */ = {isa = PBXFileReference; lastKnownFileType = sourcecode.swift; path = SecureTextFieldView.swift; sourceTree = "<group>"; };
		93EC5B642A24B91E0065A286 /* NetworkManager.swift */ = {isa = PBXFileReference; lastKnownFileType = sourcecode.swift; path = NetworkManager.swift; sourceTree = "<group>"; };
		93EC5B672A24B9E90065A286 /* UserCredentials.swift */ = {isa = PBXFileReference; lastKnownFileType = sourcecode.swift; path = UserCredentials.swift; sourceTree = "<group>"; };
		93ECDDA92A3C331300BE3279 /* CalendarEventsList.swift */ = {isa = PBXFileReference; lastKnownFileType = sourcecode.swift; path = CalendarEventsList.swift; sourceTree = "<group>"; };
		93ED89B92A3083C100856AA2 /* Event.swift */ = {isa = PBXFileReference; lastKnownFileType = sourcecode.swift; path = Event.swift; sourceTree = "<group>"; };
		93ED89BB2A309D3C00856AA2 /* Enumerations.swift */ = {isa = PBXFileReference; lastKnownFileType = sourcecode.swift; path = Enumerations.swift; sourceTree = "<group>"; };
		93ED89BD2A30A28400856AA2 /* ViewIdClass.swift */ = {isa = PBXFileReference; lastKnownFileType = sourcecode.swift; path = ViewIdClass.swift; sourceTree = "<group>"; };
		93EE9A6B2A2EF28B00478DAA /* EventCard.swift */ = {isa = PBXFileReference; lastKnownFileType = sourcecode.swift; path = EventCard.swift; sourceTree = "<group>"; };
		93EE9A6D2A2F4C9000478DAA /* MapSelectionView.swift */ = {isa = PBXFileReference; lastKnownFileType = sourcecode.swift; path = MapSelectionView.swift; sourceTree = "<group>"; };
		93F0A61D2A29CC1600B10B71 /* Response.swift */ = {isa = PBXFileReference; lastKnownFileType = sourcecode.swift; path = Response.swift; sourceTree = "<group>"; };
		93F0A61F2A29CC2700B10B71 /* SignoutResponse.swift */ = {isa = PBXFileReference; lastKnownFileType = sourcecode.swift; path = SignoutResponse.swift; sourceTree = "<group>"; };
		93F0A6212A2A12B600B10B71 /* UserProfile.swift */ = {isa = PBXFileReference; lastKnownFileType = sourcecode.swift; path = UserProfile.swift; sourceTree = "<group>"; };
		93F0A6232A2A2A8D00B10B71 /* ImagePicker.swift */ = {isa = PBXFileReference; lastKnownFileType = sourcecode.swift; path = ImagePicker.swift; sourceTree = "<group>"; };
		93FB96CA2A42FBBB002F79C5 /* NewEvent.swift */ = {isa = PBXFileReference; lastKnownFileType = sourcecode.swift; path = NewEvent.swift; sourceTree = "<group>"; };
/* End PBXFileReference section */

/* Begin PBXFrameworksBuildPhase section */
		93EC5B312A2490B00065A286 /* Frameworks */ = {
			isa = PBXFrameworksBuildPhase;
			buildActionMask = 2147483647;
			files = (
			);
			runOnlyForDeploymentPostprocessing = 0;
		};
/* End PBXFrameworksBuildPhase section */

/* Begin PBXGroup section */
		93A965C02A334CC7005B14BA /* LocationManager */ = {
			isa = PBXGroup;
			children = (
				93080F702A2DA5C00074978C /* LocationManager.swift */,
				93A965C12A334CF0005B14BA /* MapViewCoordinator.swift */,
			);
			path = LocationManager;
			sourceTree = "<group>";
		};
		93AC9BA62A27723C00E3A61A /* Networking */ = {
			isa = PBXGroup;
			children = (
				93EC5B642A24B91E0065A286 /* NetworkManager.swift */,
				93B98EAF2A4B123F003DD9CB /* NetworkHelper.swift */,
			);
			path = Networking;
			sourceTree = "<group>";
		};
		93B98EA62A4AED8F003DD9CB /* ViewBuilders */ = {
			isa = PBXGroup;
			children = (
				93B98EA72A4AEDA1003DD9CB /* NavLink.swift */,
			);
			path = ViewBuilders;
			sourceTree = "<group>";
		};
		93EC5B2B2A2490B00065A286 = {
			isa = PBXGroup;
			children = (
				93EC5B362A2490B00065A286 /* EventPlanner */,
				93EC5B352A2490B00065A286 /* Products */,
			);
			sourceTree = "<group>";
		};
		93EC5B352A2490B00065A286 /* Products */ = {
			isa = PBXGroup;
			children = (
				93EC5B342A2490B00065A286 /* EventPlanner.app */,
			);
			name = Products;
			sourceTree = "<group>";
		};
		93EC5B362A2490B00065A286 /* EventPlanner */ = {
			isa = PBXGroup;
			children = (
				93EC5B372A2490B00065A286 /* EventPlannerApp.swift */,
				93EC5B662A24B9D30065A286 /* Models */,
				93EC5B452A249C140065A286 /* Views */,
				93EC5B4F2A24A03C0065A286 /* ViewModels */,
				93AC9BA62A27723C00E3A61A /* Networking */,
				93A965C02A334CC7005B14BA /* LocationManager */,
				93EC5B4C2A249EA80065A286 /* Utils */,
				93EC5B3B2A2490B30065A286 /* Assets.xcassets */,
				93EC5B3D2A2490B30065A286 /* Preview Content */,
			);
			path = EventPlanner;
			sourceTree = "<group>";
		};
		93EC5B3D2A2490B30065A286 /* Preview Content */ = {
			isa = PBXGroup;
			children = (
				93EC5B3E2A2490B30065A286 /* Preview Assets.xcassets */,
			);
			path = "Preview Content";
			sourceTree = "<group>";
		};
		93EC5B452A249C140065A286 /* Views */ = {
			isa = PBXGroup;
			children = (
				93EC5B5A2A24A50D0065A286 /* Components */,
				93EC5B482A249E330065A286 /* LoginSignupView.swift */,
				93AC81AE2A2AFEEC00A43131 /* CreateProfileView.swift */,
				93AC9B982A271E3900E3A61A /* ExploreView.swift */,
				93ACA6302A37295C00D6ACFC /* FilterView.swift */,
				93AC9B962A27184700E3A61A /* MainTabView.swift */,
				93AC9B9C2A271E5C00E3A61A /* NewEventView.swift */,
				93AC9B9E2A271E7100E3A61A /* MyEventsView.swift */,
				93AC9BA72A27784E00E3A61A /* ForgotPasswordView.swift */,
				93B35F8B2A286B04006C7CA7 /* OtpView.swift */,
				93B35F8D2A286B16006C7CA7 /* ResetPasswordView.swift */,
				93AC9BA02A271E7D00E3A61A /* ProfileView.swift */,
				93B35F8F2A28781C006C7CA7 /* EditUserProfileView.swift */,
				93B98EA92A4AEFD4003DD9CB /* ProfileFieldsView.swift */,
				93B472D02A31ED5C0042C628 /* EventDetailsView.swift */,
				93B98EAB2A4AF1EC003DD9CB /* UpperEventDetailsView.swift */,
				93AC81B02A2B47AA00A43131 /* AddNewEventView.swift */,
				93AC81B22A2B487C00A43131 /* DateAndTimeView.swift */,
				93AC81B62A2B64E300A43131 /* SearchLocationView.swift */,
				93EE9A6D2A2F4C9000478DAA /* MapSelectionView.swift */,
				93ACA6C52A3B40C9000CDA22 /* FavouriteEvents.swift */,
				93ACA6C72A3B40D7000CDA22 /* JoinedEvents.swift */,
				93ACA6C92A3B40E6000CDA22 /* CreatedEvents.swift */,
				93A91CC12A38420400773E80 /* CalendarView.swift */,
				93B98EAD2A4AF313003DD9CB /* EventBarView.swift */,
			);
			path = Views;
			sourceTree = "<group>";
		};
		93EC5B4C2A249EA80065A286 /* Utils */ = {
			isa = PBXGroup;
			children = (
				93EC5B4D2A249EB80065A286 /* Constants.swift */,
				93EC5B522A24A09F0065A286 /* Validations.swift */,
				93B472CC2A3198DF0042C628 /* Formatting.swift */,
				93ACA6322A3745BF00D6ACFC /* Extensions.swift */,
				93ED89BD2A30A28400856AA2 /* ViewIdClass.swift */,
				93F0A6232A2A2A8D00B10B71 /* ImagePicker.swift */,
				93ED89BB2A309D3C00856AA2 /* Enumerations.swift */,
				93ADE6B62A4083B100223E8D /* CalendarHelper.swift */,
				93B98E9A2A4ADAB9003DD9CB /* MapView.swift */,
			);
			path = Utils;
			sourceTree = "<group>";
		};
		93EC5B4F2A24A03C0065A286 /* ViewModels */ = {
			isa = PBXGroup;
			children = (
				93EC5B502A24A0500065A286 /* LoginViewModel.swift */,
				93B35F892A285D2A006C7CA7 /* ForgotPasswordViewModel.swift */,
				93AC9BA22A273F7600E3A61A /* MainTabViewModel.swift */,
			);
			path = ViewModels;
			sourceTree = "<group>";
		};
		93EC5B5A2A24A50D0065A286 /* Components */ = {
			isa = PBXGroup;
			children = (
				93B98EA62A4AED8F003DD9CB /* ViewBuilders */,
				93EC5B562A24A1640065A286 /* SecureTextFieldView.swift */,
				93EC5B542A24A1590065A286 /* TextFieldView.swift */,
				93AC9BA42A27648500E3A61A /* LoadingView.swift */,
				93A8B91E2A2DBE1E007593C0 /* DateAndTimePickerView.swift */,
				93B98E9C2A4ADD7D003DD9CB /* DatePickerTextFieldView.swift */,
				93AC56462A39A88E00B7DCD8 /* CheckBox.swift */,
				93A8B9202A2DC937007593C0 /* practice.swift */,
				93A965C32A3350CB005B14BA /* DirectionsView.swift */,
				93EE9A6B2A2EF28B00478DAA /* EventCard.swift */,
				93A91CC32A389CBC00773E80 /* SecondaryEventCard.swift */,
				93AE786D2A39934D00042CF6 /* SplashScreenView.swift */,
				93ECDDA92A3C331300BE3279 /* CalendarEventsList.swift */,
				93B98E982A4AD555003DD9CB /* PlaceholderView.swift */,
				93ADE6B22A401B1D00223E8D /* Experiment.swift */,
				93B98E9E2A4AE3AD003DD9CB /* AsyncImageView.swift */,
				93B98EA02A4AE3BA003DD9CB /* AsyncImageCircularView.swift */,
				93B98EA22A4AE3C5003DD9CB /* AsyncImageProfileView.swift */,
				93B98EA42A4AE5C6003DD9CB /* Hashtags.swift */,
				93ADE6B42A40273800223E8D /* TextFieldPickerAsInput.swift */,
				93AE82682A49B7FA00E1B264 /* DatePickerTextField.swift */,
			);
			path = Components;
			sourceTree = "<group>";
		};
		93EC5B662A24B9D30065A286 /* Models */ = {
			isa = PBXGroup;
			children = (
				93EC5B672A24B9E90065A286 /* UserCredentials.swift */,
				93F0A6212A2A12B600B10B71 /* UserProfile.swift */,
				93F0A61D2A29CC1600B10B71 /* Response.swift */,
				93F0A61F2A29CC2700B10B71 /* SignoutResponse.swift */,
				93ED89B92A3083C100856AA2 /* Event.swift */,
				93B19F172A39C1F400CDE3EB /* DetailedEvent.swift */,
				93ACA6342A374FAB00D6ACFC /* Filter.swift */,
				93FB96CA2A42FBBB002F79C5 /* NewEvent.swift */,
			);
			path = Models;
			sourceTree = "<group>";
		};
/* End PBXGroup section */

/* Begin PBXNativeTarget section */
		93EC5B332A2490B00065A286 /* EventPlanner */ = {
			isa = PBXNativeTarget;
			buildConfigurationList = 93EC5B422A2490B30065A286 /* Build configuration list for PBXNativeTarget "EventPlanner" */;
			buildPhases = (
				93EC5B302A2490B00065A286 /* Sources */,
				93EC5B312A2490B00065A286 /* Frameworks */,
				93EC5B322A2490B00065A286 /* Resources */,
			);
			buildRules = (
			);
			dependencies = (
			);
			name = EventPlanner;
			productName = EventPlanner;
			productReference = 93EC5B342A2490B00065A286 /* EventPlanner.app */;
			productType = "com.apple.product-type.application";
		};
/* End PBXNativeTarget section */

/* Begin PBXProject section */
		93EC5B2C2A2490B00065A286 /* Project object */ = {
			isa = PBXProject;
			attributes = {
				BuildIndependentTargetsInParallel = 1;
				LastSwiftUpdateCheck = 1410;
				LastUpgradeCheck = 1410;
				TargetAttributes = {
					93EC5B332A2490B00065A286 = {
						CreatedOnToolsVersion = 14.1;
					};
				};
			};
			buildConfigurationList = 93EC5B2F2A2490B00065A286 /* Build configuration list for PBXProject "EventPlanner" */;
			compatibilityVersion = "Xcode 14.0";
			developmentRegion = en;
			hasScannedForEncodings = 0;
			knownRegions = (
				en,
				Base,
			);
			mainGroup = 93EC5B2B2A2490B00065A286;
			productRefGroup = 93EC5B352A2490B00065A286 /* Products */;
			projectDirPath = "";
			projectRoot = "";
			targets = (
				93EC5B332A2490B00065A286 /* EventPlanner */,
			);
		};
/* End PBXProject section */

/* Begin PBXResourcesBuildPhase section */
		93EC5B322A2490B00065A286 /* Resources */ = {
			isa = PBXResourcesBuildPhase;
			buildActionMask = 2147483647;
			files = (
				93EC5B3F2A2490B30065A286 /* Preview Assets.xcassets in Resources */,
				93EC5B3C2A2490B30065A286 /* Assets.xcassets in Resources */,
			);
			runOnlyForDeploymentPostprocessing = 0;
		};
/* End PBXResourcesBuildPhase section */

/* Begin PBXSourcesBuildPhase section */
		93EC5B302A2490B00065A286 /* Sources */ = {
			isa = PBXSourcesBuildPhase;
			buildActionMask = 2147483647;
			files = (
				93B98EAA2A4AEFD4003DD9CB /* ProfileFieldsView.swift in Sources */,
				93B35F902A28781C006C7CA7 /* EditUserProfileView.swift in Sources */,
				93EC5B382A2490B00065A286 /* EventPlannerApp.swift in Sources */,
				93EE9A6C2A2EF28B00478DAA /* EventCard.swift in Sources */,
				93B98EA52A4AE5C6003DD9CB /* Hashtags.swift in Sources */,
				93B472D12A31ED5C0042C628 /* EventDetailsView.swift in Sources */,
				93EE9A6E2A2F4C9000478DAA /* MapSelectionView.swift in Sources */,
				93B35F8C2A286B04006C7CA7 /* OtpView.swift in Sources */,
				93AE786E2A39934D00042CF6 /* SplashScreenView.swift in Sources */,
				93B35F8E2A286B16006C7CA7 /* ResetPasswordView.swift in Sources */,
				93B98EAC2A4AF1EC003DD9CB /* UpperEventDetailsView.swift in Sources */,
				93AC9B9D2A271E5C00E3A61A /* NewEventView.swift in Sources */,
				93B98EA82A4AEDA1003DD9CB /* NavLink.swift in Sources */,
				93AC81B12A2B47AA00A43131 /* AddNewEventView.swift in Sources */,
				93ACA6312A37295C00D6ACFC /* FilterView.swift in Sources */,
				93ADE6B32A401B1D00223E8D /* Experiment.swift in Sources */,
				93AC9B972A27184700E3A61A /* MainTabView.swift in Sources */,
				93ACA6CA2A3B40E6000CDA22 /* CreatedEvents.swift in Sources */,
				93B98EA32A4AE3C5003DD9CB /* AsyncImageProfileView.swift in Sources */,
				93A91CC22A38420400773E80 /* CalendarView.swift in Sources */,
				93B35F8A2A285D2A006C7CA7 /* ForgotPasswordViewModel.swift in Sources */,
				93EC5B532A24A09F0065A286 /* Validations.swift in Sources */,
				93B98E9D2A4ADD7D003DD9CB /* DatePickerTextFieldView.swift in Sources */,
				93ADE6B72A4083B100223E8D /* CalendarHelper.swift in Sources */,
				93EC5B572A24A1640065A286 /* SecureTextFieldView.swift in Sources */,
				93ECDDAA2A3C331300BE3279 /* CalendarEventsList.swift in Sources */,
				93B98EB02A4B123F003DD9CB /* NetworkHelper.swift in Sources */,
				93F0A6202A29CC2700B10B71 /* SignoutResponse.swift in Sources */,
				93A8B9212A2DC937007593C0 /* practice.swift in Sources */,
				93AE82692A49B7FA00E1B264 /* DatePickerTextField.swift in Sources */,
				93F0A6242A2A2A8D00B10B71 /* ImagePicker.swift in Sources */,
				93EC5B492A249E330065A286 /* LoginSignupView.swift in Sources */,
				93A91CC42A389CBC00773E80 /* SecondaryEventCard.swift in Sources */,
				93F0A6222A2A12B600B10B71 /* UserProfile.swift in Sources */,
				93AC56472A39A88E00B7DCD8 /* CheckBox.swift in Sources */,
				93A965C42A3350CB005B14BA /* DirectionsView.swift in Sources */,
				93AC9BA82A27784E00E3A61A /* ForgotPasswordView.swift in Sources */,
				93EC5B4E2A249EB80065A286 /* Constants.swift in Sources */,
				93AC9B9F2A271E7100E3A61A /* MyEventsView.swift in Sources */,
				93ADE6B52A40273900223E8D /* TextFieldPickerAsInput.swift in Sources */,
				93ACA6C62A3B40C9000CDA22 /* FavouriteEvents.swift in Sources */,
				93B98EAE2A4AF313003DD9CB /* EventBarView.swift in Sources */,
				93F0A61E2A29CC1600B10B71 /* Response.swift in Sources */,
				93ACA6C82A3B40D7000CDA22 /* JoinedEvents.swift in Sources */,
				93AC81AF2A2AFEEC00A43131 /* CreateProfileView.swift in Sources */,
				93B98E992A4AD555003DD9CB /* PlaceholderView.swift in Sources */,
				93B98EA12A4AE3BA003DD9CB /* AsyncImageCircularView.swift in Sources */,
				93AC9B992A271E3900E3A61A /* ExploreView.swift in Sources */,
				93B98E9F2A4AE3AD003DD9CB /* AsyncImageView.swift in Sources */,
				93EC5B512A24A0500065A286 /* LoginViewModel.swift in Sources */,
				93EC5B652A24B91E0065A286 /* NetworkManager.swift in Sources */,
				93AC81B32A2B487C00A43131 /* DateAndTimeView.swift in Sources */,
				93AC81B72A2B64E300A43131 /* SearchLocationView.swift in Sources */,
				93B98E9B2A4ADAB9003DD9CB /* MapView.swift in Sources */,
				93EC5B552A24A1590065A286 /* TextFieldView.swift in Sources */,
				93ED89BA2A3083C100856AA2 /* Event.swift in Sources */,
				93AC9BA12A271E7D00E3A61A /* ProfileView.swift in Sources */,
				93ACA6352A374FAB00D6ACFC /* Filter.swift in Sources */,
				93EC5B682A24B9E90065A286 /* UserCredentials.swift in Sources */,
				93AC9BA32A273F7600E3A61A /* MainTabViewModel.swift in Sources */,
				93B472CD2A3198DF0042C628 /* Formatting.swift in Sources */,
				93A8B91F2A2DBE1E007593C0 /* DateAndTimePickerView.swift in Sources */,
				93A965C22A334CF0005B14BA /* MapViewCoordinator.swift in Sources */,
				93FB96CB2A42FBBB002F79C5 /* NewEvent.swift in Sources */,
				93B19F182A39C1F400CDE3EB /* DetailedEvent.swift in Sources */,
				93ACA6332A3745BF00D6ACFC /* Extensions.swift in Sources */,
				93ED89BE2A30A28400856AA2 /* ViewIdClass.swift in Sources */,
				93080F712A2DA5C00074978C /* LocationManager.swift in Sources */,
				93AC9BA52A27648500E3A61A /* LoadingView.swift in Sources */,
				93ED89BC2A309D3C00856AA2 /* Enumerations.swift in Sources */,
			);
			runOnlyForDeploymentPostprocessing = 0;
		};
/* End PBXSourcesBuildPhase section */

/* Begin XCBuildConfiguration section */
		93EC5B402A2490B30065A286 /* Debug */ = {
			isa = XCBuildConfiguration;
			buildSettings = {
				ALWAYS_SEARCH_USER_PATHS = NO;
				CLANG_ANALYZER_NONNULL = YES;
				CLANG_ANALYZER_NUMBER_OBJECT_CONVERSION = YES_AGGRESSIVE;
				CLANG_CXX_LANGUAGE_STANDARD = "gnu++20";
				CLANG_ENABLE_MODULES = YES;
				CLANG_ENABLE_OBJC_ARC = YES;
				CLANG_ENABLE_OBJC_WEAK = YES;
				CLANG_WARN_BLOCK_CAPTURE_AUTORELEASING = YES;
				CLANG_WARN_BOOL_CONVERSION = YES;
				CLANG_WARN_COMMA = YES;
				CLANG_WARN_CONSTANT_CONVERSION = YES;
				CLANG_WARN_DEPRECATED_OBJC_IMPLEMENTATIONS = YES;
				CLANG_WARN_DIRECT_OBJC_ISA_USAGE = YES_ERROR;
				CLANG_WARN_DOCUMENTATION_COMMENTS = YES;
				CLANG_WARN_EMPTY_BODY = YES;
				CLANG_WARN_ENUM_CONVERSION = YES;
				CLANG_WARN_INFINITE_RECURSION = YES;
				CLANG_WARN_INT_CONVERSION = YES;
				CLANG_WARN_NON_LITERAL_NULL_CONVERSION = YES;
				CLANG_WARN_OBJC_IMPLICIT_RETAIN_SELF = YES;
				CLANG_WARN_OBJC_LITERAL_CONVERSION = YES;
				CLANG_WARN_OBJC_ROOT_CLASS = YES_ERROR;
				CLANG_WARN_QUOTED_INCLUDE_IN_FRAMEWORK_HEADER = YES;
				CLANG_WARN_RANGE_LOOP_ANALYSIS = YES;
				CLANG_WARN_STRICT_PROTOTYPES = YES;
				CLANG_WARN_SUSPICIOUS_MOVE = YES;
				CLANG_WARN_UNGUARDED_AVAILABILITY = YES_AGGRESSIVE;
				CLANG_WARN_UNREACHABLE_CODE = YES;
				CLANG_WARN__DUPLICATE_METHOD_MATCH = YES;
				COPY_PHASE_STRIP = NO;
				DEBUG_INFORMATION_FORMAT = dwarf;
				ENABLE_STRICT_OBJC_MSGSEND = YES;
				ENABLE_TESTABILITY = YES;
				GCC_C_LANGUAGE_STANDARD = gnu11;
				GCC_DYNAMIC_NO_PIC = NO;
				GCC_NO_COMMON_BLOCKS = YES;
				GCC_OPTIMIZATION_LEVEL = 0;
				GCC_PREPROCESSOR_DEFINITIONS = (
					"DEBUG=1",
					"$(inherited)",
				);
				GCC_WARN_64_TO_32_BIT_CONVERSION = YES;
				GCC_WARN_ABOUT_RETURN_TYPE = YES_ERROR;
				GCC_WARN_UNDECLARED_SELECTOR = YES;
				GCC_WARN_UNINITIALIZED_AUTOS = YES_AGGRESSIVE;
				GCC_WARN_UNUSED_FUNCTION = YES;
				GCC_WARN_UNUSED_VARIABLE = YES;
				IPHONEOS_DEPLOYMENT_TARGET = 16.1;
				MTL_ENABLE_DEBUG_INFO = INCLUDE_SOURCE;
				MTL_FAST_MATH = YES;
				ONLY_ACTIVE_ARCH = YES;
				SDKROOT = iphoneos;
				SWIFT_ACTIVE_COMPILATION_CONDITIONS = DEBUG;
				SWIFT_OPTIMIZATION_LEVEL = "-Onone";
			};
			name = Debug;
		};
		93EC5B412A2490B30065A286 /* Release */ = {
			isa = XCBuildConfiguration;
			buildSettings = {
				ALWAYS_SEARCH_USER_PATHS = NO;
				CLANG_ANALYZER_NONNULL = YES;
				CLANG_ANALYZER_NUMBER_OBJECT_CONVERSION = YES_AGGRESSIVE;
				CLANG_CXX_LANGUAGE_STANDARD = "gnu++20";
				CLANG_ENABLE_MODULES = YES;
				CLANG_ENABLE_OBJC_ARC = YES;
				CLANG_ENABLE_OBJC_WEAK = YES;
				CLANG_WARN_BLOCK_CAPTURE_AUTORELEASING = YES;
				CLANG_WARN_BOOL_CONVERSION = YES;
				CLANG_WARN_COMMA = YES;
				CLANG_WARN_CONSTANT_CONVERSION = YES;
				CLANG_WARN_DEPRECATED_OBJC_IMPLEMENTATIONS = YES;
				CLANG_WARN_DIRECT_OBJC_ISA_USAGE = YES_ERROR;
				CLANG_WARN_DOCUMENTATION_COMMENTS = YES;
				CLANG_WARN_EMPTY_BODY = YES;
				CLANG_WARN_ENUM_CONVERSION = YES;
				CLANG_WARN_INFINITE_RECURSION = YES;
				CLANG_WARN_INT_CONVERSION = YES;
				CLANG_WARN_NON_LITERAL_NULL_CONVERSION = YES;
				CLANG_WARN_OBJC_IMPLICIT_RETAIN_SELF = YES;
				CLANG_WARN_OBJC_LITERAL_CONVERSION = YES;
				CLANG_WARN_OBJC_ROOT_CLASS = YES_ERROR;
				CLANG_WARN_QUOTED_INCLUDE_IN_FRAMEWORK_HEADER = YES;
				CLANG_WARN_RANGE_LOOP_ANALYSIS = YES;
				CLANG_WARN_STRICT_PROTOTYPES = YES;
				CLANG_WARN_SUSPICIOUS_MOVE = YES;
				CLANG_WARN_UNGUARDED_AVAILABILITY = YES_AGGRESSIVE;
				CLANG_WARN_UNREACHABLE_CODE = YES;
				CLANG_WARN__DUPLICATE_METHOD_MATCH = YES;
				COPY_PHASE_STRIP = NO;
				DEBUG_INFORMATION_FORMAT = "dwarf-with-dsym";
				ENABLE_NS_ASSERTIONS = NO;
				ENABLE_STRICT_OBJC_MSGSEND = YES;
				GCC_C_LANGUAGE_STANDARD = gnu11;
				GCC_NO_COMMON_BLOCKS = YES;
				GCC_WARN_64_TO_32_BIT_CONVERSION = YES;
				GCC_WARN_ABOUT_RETURN_TYPE = YES_ERROR;
				GCC_WARN_UNDECLARED_SELECTOR = YES;
				GCC_WARN_UNINITIALIZED_AUTOS = YES_AGGRESSIVE;
				GCC_WARN_UNUSED_FUNCTION = YES;
				GCC_WARN_UNUSED_VARIABLE = YES;
				IPHONEOS_DEPLOYMENT_TARGET = 16.1;
				MTL_ENABLE_DEBUG_INFO = NO;
				MTL_FAST_MATH = YES;
				SDKROOT = iphoneos;
				SWIFT_COMPILATION_MODE = wholemodule;
				SWIFT_OPTIMIZATION_LEVEL = "-O";
				VALIDATE_PRODUCT = YES;
			};
			name = Release;
		};
		93EC5B432A2490B30065A286 /* Debug */ = {
			isa = XCBuildConfiguration;
			buildSettings = {
				ASSETCATALOG_COMPILER_APPICON_NAME = AppIcon;
				ASSETCATALOG_COMPILER_GLOBAL_ACCENT_COLOR_NAME = AccentColor;
				CODE_SIGN_STYLE = Automatic;
				CURRENT_PROJECT_VERSION = 1;
				DEVELOPMENT_ASSET_PATHS = "\"EventPlanner/Preview Content\"";
				ENABLE_PREVIEWS = YES;
				GENERATE_INFOPLIST_FILE = YES;
				INFOPLIST_KEY_NSLocationWhenInUseUsageDescription = "EventPlanner needs your location to show it on the map.";
				INFOPLIST_KEY_UIApplicationSceneManifest_Generation = YES;
				INFOPLIST_KEY_UIApplicationSupportsIndirectInputEvents = YES;
				INFOPLIST_KEY_UILaunchScreen_Generation = YES;
				INFOPLIST_KEY_UISupportedInterfaceOrientations = UIInterfaceOrientationPortrait;
				INFOPLIST_KEY_UISupportedInterfaceOrientations_iPad = "UIInterfaceOrientationLandscapeLeft UIInterfaceOrientationLandscapeRight UIInterfaceOrientationPortrait UIInterfaceOrientationPortraitUpsideDown";
				LD_RUNPATH_SEARCH_PATHS = (
					"$(inherited)",
					"@executable_path/Frameworks",
				);
				MARKETING_VERSION = 1.0;
				PRODUCT_BUNDLE_IDENTIFIER = cmc.EventPlanner;
				PRODUCT_NAME = "$(TARGET_NAME)";
				SWIFT_EMIT_LOC_STRINGS = YES;
				SWIFT_VERSION = 5.0;
				TARGETED_DEVICE_FAMILY = "1,2";
			};
			name = Debug;
		};
		93EC5B442A2490B30065A286 /* Release */ = {
			isa = XCBuildConfiguration;
			buildSettings = {
				ASSETCATALOG_COMPILER_APPICON_NAME = AppIcon;
				ASSETCATALOG_COMPILER_GLOBAL_ACCENT_COLOR_NAME = AccentColor;
				CODE_SIGN_STYLE = Automatic;
				CURRENT_PROJECT_VERSION = 1;
				DEVELOPMENT_ASSET_PATHS = "\"EventPlanner/Preview Content\"";
				ENABLE_PREVIEWS = YES;
				GENERATE_INFOPLIST_FILE = YES;
				INFOPLIST_KEY_NSLocationWhenInUseUsageDescription = "EventPlanner needs your location to show it on the map.";
				INFOPLIST_KEY_UIApplicationSceneManifest_Generation = YES;
				INFOPLIST_KEY_UIApplicationSupportsIndirectInputEvents = YES;
				INFOPLIST_KEY_UILaunchScreen_Generation = YES;
				INFOPLIST_KEY_UISupportedInterfaceOrientations = UIInterfaceOrientationPortrait;
				INFOPLIST_KEY_UISupportedInterfaceOrientations_iPad = "UIInterfaceOrientationLandscapeLeft UIInterfaceOrientationLandscapeRight UIInterfaceOrientationPortrait UIInterfaceOrientationPortraitUpsideDown";
				LD_RUNPATH_SEARCH_PATHS = (
					"$(inherited)",
					"@executable_path/Frameworks",
				);
				MARKETING_VERSION = 1.0;
				PRODUCT_BUNDLE_IDENTIFIER = cmc.EventPlanner;
				PRODUCT_NAME = "$(TARGET_NAME)";
				SWIFT_EMIT_LOC_STRINGS = YES;
				SWIFT_VERSION = 5.0;
				TARGETED_DEVICE_FAMILY = "1,2";
			};
			name = Release;
		};
/* End XCBuildConfiguration section */

/* Begin XCConfigurationList section */
		93EC5B2F2A2490B00065A286 /* Build configuration list for PBXProject "EventPlanner" */ = {
			isa = XCConfigurationList;
			buildConfigurations = (
				93EC5B402A2490B30065A286 /* Debug */,
				93EC5B412A2490B30065A286 /* Release */,
			);
			defaultConfigurationIsVisible = 0;
			defaultConfigurationName = Release;
		};
		93EC5B422A2490B30065A286 /* Build configuration list for PBXNativeTarget "EventPlanner" */ = {
			isa = XCConfigurationList;
			buildConfigurations = (
				93EC5B432A2490B30065A286 /* Debug */,
				93EC5B442A2490B30065A286 /* Release */,
			);
			defaultConfigurationIsVisible = 0;
			defaultConfigurationName = Release;
		};
/* End XCConfigurationList section */
	};
	rootObject = 93EC5B2C2A2490B00065A286 /* Project object */;
}
